
Microsoft Visual Studio Solution File, Format Version 12.00
# Visual Studio 15
VisualStudioVersion = 15.0.28307.572
MinimumVisualStudioVersion = 10.0.40219.1
Project("{FAE04EC0-301F-11D3-BF4B-00C04F79EFBC}") = "StartProject.Api", "StartProject.Api\StartProject.Api.csproj", "{AECDEF59-ED6E-4B4F-A659-A2D8073C1425}"
EndProject
Project("{FAE04EC0-301F-11D3-BF4B-00C04F79EFBC}") = "StartProject.Entity", "StartProject.Entity\StartProject.Entity.csproj", "{927E03F2-C4DE-44B6-84A4-DDF58B600B91}"
EndProject
Project("{FAE04EC0-301F-11D3-BF4B-00C04F79EFBC}") = "StartProject.Repository", "StartProject.Repository\StartProject.Repository.csproj", "{3FC2526B-8A8A-4C41-8271-EB8725794632}"
EndProject
Project("{FAE04EC0-301F-11D3-BF4B-00C04F79EFBC}") = "StartProject.Service", "StartProject.Service\StartProject.Service.csproj", "{645D677D-92F2-4E7A-BE87-70BD96023898}"
EndProject
Global
	GlobalSection(SolutionConfigurationPlatforms) = preSolution
		Debug|Any CPU = Debug|Any CPU
		Release|Any CPU = Release|Any CPU
	EndGlobalSection
	GlobalSection(ProjectConfigurationPlatforms) = postSolution
		{AECDEF59-ED6E-4B4F-A659-A2D8073C1425}.Debug|Any CPU.ActiveCfg = Debug|Any CPU
		{AECDEF59-ED6E-4B4F-A659-A2D8073C1425}.Debug|Any CPU.Build.0 = Debug|Any CPU
		{AECDEF59-ED6E-4B4F-A659-A2D8073C1425}.Release|Any CPU.ActiveCfg = Release|Any CPU
		{AECDEF59-ED6E-4B4F-A659-A2D8073C1425}.Release|Any CPU.Build.0 = Release|Any CPU
		{927E03F2-C4DE-44B6-84A4-DDF58B600B91}.Debug|Any CPU.ActiveCfg = Debug|Any CPU
		{927E03F2-C4DE-44B6-84A4-DDF58B600B91}.Debug|Any CPU.Build.0 = Debug|Any CPU
		{927E03F2-C4DE-44B6-84A4-DDF58B600B91}.Release|Any CPU.ActiveCfg = Release|Any CPU
		{927E03F2-C4DE-44B6-84A4-DDF58B600B91}.Release|Any CPU.Build.0 = Release|Any CPU
		{3FC2526B-8A8A-4C41-8271-EB8725794632}.Debug|Any CPU.ActiveCfg = Debug|Any CPU
		{3FC2526B-8A8A-4C41-8271-EB8725794632}.Debug|Any CPU.Build.0 = Debug|Any CPU
		{3FC2526B-8A8A-4C41-8271-EB8725794632}.Release|Any CPU.ActiveCfg = Release|Any CPU
		{3FC2526B-8A8A-4C41-8271-EB8725794632}.Release|Any CPU.Build.0 = Release|Any CPU
		{645D677D-92F2-4E7A-BE87-70BD96023898}.Debug|Any CPU.ActiveCfg = Debug|Any CPU
		{645D677D-92F2-4E7A-BE87-70BD96023898}.Debug|Any CPU.Build.0 = Debug|Any CPU
		{645D677D-92F2-4E7A-BE87-70BD96023898}.Release|Any CPU.ActiveCfg = Release|Any CPU
		{645D677D-92F2-4E7A-BE87-70BD96023898}.Release|Any CPU.Build.0 = Release|Any CPU
	EndGlobalSection
	GlobalSection(SolutionProperties) = preSolution
		HideSolutionNode = FALSE
	EndGlobalSection
	GlobalSection(ExtensibilityGlobals) = postSolution
		SolutionGuid = {2612AF27-D07B-4095-9EEE-55F7F9C293D3}
	EndGlobalSection
EndGlobal
